
Microsoft Visual Studio Solution File, Format Version 12.00
# Visual Studio Version 16
VisualStudioVersion = 16.0.30114.105
MinimumVisualStudioVersion = 10.0.40219.1
Project("{2150E333-8FDC-42A3-9474-1A3956D46DE8}") = "src", "src", "{4E26ABD4-93F7-4564-8F9B-79818A636EC6}"
EndProject
Project("{FAE04EC0-301F-11D3-BF4B-00C04F79EFBC}") = "IsraConstruct.domain", "src\IsraConstruct.domain\IsraConstruct.domain.csproj", "{CC713160-36F1-41C0-9647-915E1610137E}"
EndProject
Project("{FAE04EC0-301F-11D3-BF4B-00C04F79EFBC}") = "IsraConstruct.data", "src\IsraConstruct.data\IsraConstruct.data.csproj", "{359BAD6E-B4B6-4527-BBBF-C5C56E29FBAF}"
EndProject
Project("{FAE04EC0-301F-11D3-BF4B-00C04F79EFBC}") = "IsraConstruct.DI", "src\IsraConstruct.DI\IsraConstruct.DI.csproj", "{A0EFDBE4-5AC5-4FE0-92AC-1528AF231C44}"
EndProject
Project("{FAE04EC0-301F-11D3-BF4B-00C04F79EFBC}") = "IsraConstruct.mvc", "src\IsraConstruct.mvc\IsraConstruct.mvc.csproj", "{403CF004-0CBC-45E6-BF7B-AC87FF112986}"
EndProject
Global
	GlobalSection(SolutionConfigurationPlatforms) = preSolution
		Debug|Any CPU = Debug|Any CPU
		Debug|x64 = Debug|x64
		Debug|x86 = Debug|x86
		Release|Any CPU = Release|Any CPU
		Release|x64 = Release|x64
		Release|x86 = Release|x86
	EndGlobalSection
	GlobalSection(SolutionProperties) = preSolution
		HideSolutionNode = FALSE
	EndGlobalSection
	GlobalSection(ProjectConfigurationPlatforms) = postSolution
		{CC713160-36F1-41C0-9647-915E1610137E}.Debug|Any CPU.ActiveCfg = Debug|Any CPU
		{CC713160-36F1-41C0-9647-915E1610137E}.Debug|Any CPU.Build.0 = Debug|Any CPU
		{CC713160-36F1-41C0-9647-915E1610137E}.Debug|x64.ActiveCfg = Debug|Any CPU
		{CC713160-36F1-41C0-9647-915E1610137E}.Debug|x64.Build.0 = Debug|Any CPU
		{CC713160-36F1-41C0-9647-915E1610137E}.Debug|x86.ActiveCfg = Debug|Any CPU
		{CC713160-36F1-41C0-9647-915E1610137E}.Debug|x86.Build.0 = Debug|Any CPU
		{CC713160-36F1-41C0-9647-915E1610137E}.Release|Any CPU.ActiveCfg = Release|Any CPU
		{CC713160-36F1-41C0-9647-915E1610137E}.Release|Any CPU.Build.0 = Release|Any CPU
		{CC713160-36F1-41C0-9647-915E1610137E}.Release|x64.ActiveCfg = Release|Any CPU
		{CC713160-36F1-41C0-9647-915E1610137E}.Release|x64.Build.0 = Release|Any CPU
		{CC713160-36F1-41C0-9647-915E1610137E}.Release|x86.ActiveCfg = Release|Any CPU
		{CC713160-36F1-41C0-9647-915E1610137E}.Release|x86.Build.0 = Release|Any CPU
		{359BAD6E-B4B6-4527-BBBF-C5C56E29FBAF}.Debug|Any CPU.ActiveCfg = Debug|Any CPU
		{359BAD6E-B4B6-4527-BBBF-C5C56E29FBAF}.Debug|Any CPU.Build.0 = Debug|Any CPU
		{359BAD6E-B4B6-4527-BBBF-C5C56E29FBAF}.Debug|x64.ActiveCfg = Debug|Any CPU
		{359BAD6E-B4B6-4527-BBBF-C5C56E29FBAF}.Debug|x64.Build.0 = Debug|Any CPU
		{359BAD6E-B4B6-4527-BBBF-C5C56E29FBAF}.Debug|x86.ActiveCfg = Debug|Any CPU
		{359BAD6E-B4B6-4527-BBBF-C5C56E29FBAF}.Debug|x86.Build.0 = Debug|Any CPU
		{359BAD6E-B4B6-4527-BBBF-C5C56E29FBAF}.Release|Any CPU.ActiveCfg = Release|Any CPU
		{359BAD6E-B4B6-4527-BBBF-C5C56E29FBAF}.Release|Any CPU.Build.0 = Release|Any CPU
		{359BAD6E-B4B6-4527-BBBF-C5C56E29FBAF}.Release|x64.ActiveCfg = Release|Any CPU
		{359BAD6E-B4B6-4527-BBBF-C5C56E29FBAF}.Release|x64.Build.0 = Release|Any CPU
		{359BAD6E-B4B6-4527-BBBF-C5C56E29FBAF}.Release|x86.ActiveCfg = Release|Any CPU
		{359BAD6E-B4B6-4527-BBBF-C5C56E29FBAF}.Release|x86.Build.0 = Release|Any CPU
		{A0EFDBE4-5AC5-4FE0-92AC-1528AF231C44}.Debug|Any CPU.ActiveCfg = Debug|Any CPU
		{A0EFDBE4-5AC5-4FE0-92AC-1528AF231C44}.Debug|Any CPU.Build.0 = Debug|Any CPU
		{A0EFDBE4-5AC5-4FE0-92AC-1528AF231C44}.Debug|x64.ActiveCfg = Debug|Any CPU
		{A0EFDBE4-5AC5-4FE0-92AC-1528AF231C44}.Debug|x64.Build.0 = Debug|Any CPU
		{A0EFDBE4-5AC5-4FE0-92AC-1528AF231C44}.Debug|x86.ActiveCfg = Debug|Any CPU
		{A0EFDBE4-5AC5-4FE0-92AC-1528AF231C44}.Debug|x86.Build.0 = Debug|Any CPU
		{A0EFDBE4-5AC5-4FE0-92AC-1528AF231C44}.Release|Any CPU.ActiveCfg = Release|Any CPU
		{A0EFDBE4-5AC5-4FE0-92AC-1528AF231C44}.Release|Any CPU.Build.0 = Release|Any CPU
		{A0EFDBE4-5AC5-4FE0-92AC-1528AF231C44}.Release|x64.ActiveCfg = Release|Any CPU
		{A0EFDBE4-5AC5-4FE0-92AC-1528AF231C44}.Release|x64.Build.0 = Release|Any CPU
		{A0EFDBE4-5AC5-4FE0-92AC-1528AF231C44}.Release|x86.ActiveCfg = Release|Any CPU
		{A0EFDBE4-5AC5-4FE0-92AC-1528AF231C44}.Release|x86.Build.0 = Release|Any CPU
		{403CF004-0CBC-45E6-BF7B-AC87FF112986}.Debug|Any CPU.ActiveCfg = Debug|Any CPU
		{403CF004-0CBC-45E6-BF7B-AC87FF112986}.Debug|Any CPU.Build.0 = Debug|Any CPU
		{403CF004-0CBC-45E6-BF7B-AC87FF112986}.Debug|x64.ActiveCfg = Debug|Any CPU
		{403CF004-0CBC-45E6-BF7B-AC87FF112986}.Debug|x64.Build.0 = Debug|Any CPU
		{403CF004-0CBC-45E6-BF7B-AC87FF112986}.Debug|x86.ActiveCfg = Debug|Any CPU
		{403CF004-0CBC-45E6-BF7B-AC87FF112986}.Debug|x86.Build.0 = Debug|Any CPU
		{403CF004-0CBC-45E6-BF7B-AC87FF112986}.Release|Any CPU.ActiveCfg = Release|Any CPU
		{403CF004-0CBC-45E6-BF7B-AC87FF112986}.Release|Any CPU.Build.0 = Release|Any CPU
		{403CF004-0CBC-45E6-BF7B-AC87FF112986}.Release|x64.ActiveCfg = Release|Any CPU
		{403CF004-0CBC-45E6-BF7B-AC87FF112986}.Release|x64.Build.0 = Release|Any CPU
		{403CF004-0CBC-45E6-BF7B-AC87FF112986}.Release|x86.ActiveCfg = Release|Any CPU
		{403CF004-0CBC-45E6-BF7B-AC87FF112986}.Release|x86.Build.0 = Release|Any CPU
	EndGlobalSection
	GlobalSection(NestedProjects) = preSolution
		{CC713160-36F1-41C0-9647-915E1610137E} = {4E26ABD4-93F7-4564-8F9B-79818A636EC6}
		{359BAD6E-B4B6-4527-BBBF-C5C56E29FBAF} = {4E26ABD4-93F7-4564-8F9B-79818A636EC6}
		{A0EFDBE4-5AC5-4FE0-92AC-1528AF231C44} = {4E26ABD4-93F7-4564-8F9B-79818A636EC6}
		{403CF004-0CBC-45E6-BF7B-AC87FF112986} = {4E26ABD4-93F7-4564-8F9B-79818A636EC6}
	EndGlobalSection
EndGlobal
